
Microsoft Visual Studio Solution File, Format Version 12.00
# Visual Studio Version 16
VisualStudioVersion = 16.0.31729.503
MinimumVisualStudioVersion = 10.0.40219.1
Project("{FAE04EC0-301F-11D3-BF4B-00C04F79EFBC}") = "ClientReservasi-066", "ClientReservasi-066\ClientReservasi-066.csproj", "{2678934D-0201-4781-B66C-596F28B807F3}"
EndProject
Global
	GlobalSection(SolutionConfigurationPlatforms) = preSolution
		Debug|Any CPU = Debug|Any CPU
		Release|Any CPU = Release|Any CPU
	EndGlobalSection
	GlobalSection(ProjectConfigurationPlatforms) = postSolution
		{2678934D-0201-4781-B66C-596F28B807F3}.Debug|Any CPU.ActiveCfg = Debug|Any CPU
		{2678934D-0201-4781-B66C-596F28B807F3}.Debug|Any CPU.Build.0 = Debug|Any CPU
		{2678934D-0201-4781-B66C-596F28B807F3}.Release|Any CPU.ActiveCfg = Release|Any CPU
		{2678934D-0201-4781-B66C-596F28B807F3}.Release|Any CPU.Build.0 = Release|Any CPU
	EndGlobalSection
	GlobalSection(SolutionProperties) = preSolution
		HideSolutionNode = FALSE
	EndGlobalSection
	GlobalSection(ExtensibilityGlobals) = postSolution
		SolutionGuid = {6E851314-C0F7-4229-88E2-EB0E5A4AA08C}
	EndGlobalSection
EndGlobal
